
Microsoft Visual Studio Solution File, Format Version 12.00
# Visual Studio 14
VisualStudioVersion = 14.0.25123.0
MinimumVisualStudioVersion = 10.0.40219.1
Project("{FAE04EC0-301F-11D3-BF4B-00C04F79EFBC}") = "MantoxWebApp", "MantoxWebApp\MantoxWebApp.csproj", "{E0F30F54-1B58-4AC1-B411-34222984F5DB}"
EndProject
Project("{FAE04EC0-301F-11D3-BF4B-00C04F79EFBC}") = "SqlServerConnectionHelper", "SqlServerConnectionHelper\SqlServerConnectionHelper.csproj", "{6EF48389-2333-4258-BB80-86B5DD17699E}"
EndProject
Project("{FAE04EC0-301F-11D3-BF4B-00C04F79EFBC}") = "DateHelper", "DateHelper\DateHelper.csproj", "{794B3CAA-8D44-462B-B0F8-2927DFD270FD}"
EndProject
Project("{FAE04EC0-301F-11D3-BF4B-00C04F79EFBC}") = "FileHelper", "FileHelper\FileHelper.csproj", "{C4995535-BA1A-45B2-B831-DE1C7C70B12D}"
EndProject
Project("{FAE04EC0-301F-11D3-BF4B-00C04F79EFBC}") = "WebApplication1", "WebApplication1\WebApplication1.csproj", "{7FACABBD-742A-4144-8AD0-0704973FEA7D}"
EndProject
Project("{FAE04EC0-301F-11D3-BF4B-00C04F79EFBC}") = "MantoxInventoryAgent", "MantoxInventoryAgent\MantoxInventoryAgent.csproj", "{575A51D0-46E5-4026-BA98-261F479324AC}"
EndProject
Project("{FAE04EC0-301F-11D3-BF4B-00C04F79EFBC}") = "InventoryAgent", "InventoryAgent\InventoryAgent.csproj", "{2BFBFFAE-0D2B-4F7D-95BB-476EE1D8C226}"
EndProject
Global
	GlobalSection(SolutionConfigurationPlatforms) = preSolution
		Debug|Any CPU = Debug|Any CPU
		Release|Any CPU = Release|Any CPU
	EndGlobalSection
	GlobalSection(ProjectConfigurationPlatforms) = postSolution
		{E0F30F54-1B58-4AC1-B411-34222984F5DB}.Debug|Any CPU.ActiveCfg = Debug|Any CPU
		{E0F30F54-1B58-4AC1-B411-34222984F5DB}.Debug|Any CPU.Build.0 = Debug|Any CPU
		{E0F30F54-1B58-4AC1-B411-34222984F5DB}.Release|Any CPU.ActiveCfg = Release|Any CPU
		{E0F30F54-1B58-4AC1-B411-34222984F5DB}.Release|Any CPU.Build.0 = Release|Any CPU
		{6EF48389-2333-4258-BB80-86B5DD17699E}.Debug|Any CPU.ActiveCfg = Debug|Any CPU
		{6EF48389-2333-4258-BB80-86B5DD17699E}.Debug|Any CPU.Build.0 = Debug|Any CPU
		{6EF48389-2333-4258-BB80-86B5DD17699E}.Release|Any CPU.ActiveCfg = Release|Any CPU
		{6EF48389-2333-4258-BB80-86B5DD17699E}.Release|Any CPU.Build.0 = Release|Any CPU
		{794B3CAA-8D44-462B-B0F8-2927DFD270FD}.Debug|Any CPU.ActiveCfg = Debug|Any CPU
		{794B3CAA-8D44-462B-B0F8-2927DFD270FD}.Debug|Any CPU.Build.0 = Debug|Any CPU
		{794B3CAA-8D44-462B-B0F8-2927DFD270FD}.Release|Any CPU.ActiveCfg = Release|Any CPU
		{794B3CAA-8D44-462B-B0F8-2927DFD270FD}.Release|Any CPU.Build.0 = Release|Any CPU
		{C4995535-BA1A-45B2-B831-DE1C7C70B12D}.Debug|Any CPU.ActiveCfg = Debug|Any CPU
		{C4995535-BA1A-45B2-B831-DE1C7C70B12D}.Debug|Any CPU.Build.0 = Debug|Any CPU
		{C4995535-BA1A-45B2-B831-DE1C7C70B12D}.Release|Any CPU.ActiveCfg = Release|Any CPU
		{C4995535-BA1A-45B2-B831-DE1C7C70B12D}.Release|Any CPU.Build.0 = Release|Any CPU
		{7FACABBD-742A-4144-8AD0-0704973FEA7D}.Debug|Any CPU.ActiveCfg = Debug|Any CPU
		{7FACABBD-742A-4144-8AD0-0704973FEA7D}.Debug|Any CPU.Build.0 = Debug|Any CPU
		{7FACABBD-742A-4144-8AD0-0704973FEA7D}.Release|Any CPU.ActiveCfg = Release|Any CPU
		{7FACABBD-742A-4144-8AD0-0704973FEA7D}.Release|Any CPU.Build.0 = Release|Any CPU
		{575A51D0-46E5-4026-BA98-261F479324AC}.Debug|Any CPU.ActiveCfg = Debug|Any CPU
		{575A51D0-46E5-4026-BA98-261F479324AC}.Debug|Any CPU.Build.0 = Debug|Any CPU
		{575A51D0-46E5-4026-BA98-261F479324AC}.Release|Any CPU.ActiveCfg = Release|Any CPU
		{575A51D0-46E5-4026-BA98-261F479324AC}.Release|Any CPU.Build.0 = Release|Any CPU
		{2BFBFFAE-0D2B-4F7D-95BB-476EE1D8C226}.Debug|Any CPU.ActiveCfg = Debug|Any CPU
		{2BFBFFAE-0D2B-4F7D-95BB-476EE1D8C226}.Debug|Any CPU.Build.0 = Debug|Any CPU
		{2BFBFFAE-0D2B-4F7D-95BB-476EE1D8C226}.Release|Any CPU.ActiveCfg = Release|Any CPU
		{2BFBFFAE-0D2B-4F7D-95BB-476EE1D8C226}.Release|Any CPU.Build.0 = Release|Any CPU
	EndGlobalSection
	GlobalSection(SolutionProperties) = preSolution
		HideSolutionNode = FALSE
	EndGlobalSection
EndGlobal
